
Microsoft Visual Studio Solution File, Format Version 12.00
# Visual Studio Version 17
VisualStudioVersion = 17.11.35312.102
MinimumVisualStudioVersion = 10.0.40219.1
Project("{FAE04EC0-301F-11D3-BF4B-00C04F79EFBC}") = "BuildingBlocks", "BuildingBlocks\BuildingBlocks.csproj", "{A23EDB9C-E2C8-44DF-8F23-8D2EF9D46AFA}"
EndProject
Project("{FAE04EC0-301F-11D3-BF4B-00C04F79EFBC}") = "Seguros.HttpApi", "Seguros.HttpApi\Seguros.HttpApi.csproj", "{D985E533-33C7-400D-8240-FBFB020CC991}"
EndProject
Project("{FAE04EC0-301F-11D3-BF4B-00C04F79EFBC}") = "HistoricoCondutor.HttpApi", "HistoricoCondutor.HttpApi\HistoricoCondutor.HttpApi.csproj", "{AB12B31B-B251-4665-BEC5-288C11515403}"
EndProject
Project("{E53339B2-1760-4266-BCC7-CA923CBCF16C}") = "docker-compose", "docker-compose.dcproj", "{85913824-A512-4776-A53D-B207C6913BF4}"
EndProject
Global
	GlobalSection(SolutionConfigurationPlatforms) = preSolution
		Debug|Any CPU = Debug|Any CPU
		Release|Any CPU = Release|Any CPU
	EndGlobalSection
	GlobalSection(ProjectConfigurationPlatforms) = postSolution
		{A23EDB9C-E2C8-44DF-8F23-8D2EF9D46AFA}.Debug|Any CPU.ActiveCfg = Debug|Any CPU
		{A23EDB9C-E2C8-44DF-8F23-8D2EF9D46AFA}.Debug|Any CPU.Build.0 = Debug|Any CPU
		{A23EDB9C-E2C8-44DF-8F23-8D2EF9D46AFA}.Release|Any CPU.ActiveCfg = Release|Any CPU
		{A23EDB9C-E2C8-44DF-8F23-8D2EF9D46AFA}.Release|Any CPU.Build.0 = Release|Any CPU
		{D985E533-33C7-400D-8240-FBFB020CC991}.Debug|Any CPU.ActiveCfg = Debug|Any CPU
		{D985E533-33C7-400D-8240-FBFB020CC991}.Debug|Any CPU.Build.0 = Debug|Any CPU
		{D985E533-33C7-400D-8240-FBFB020CC991}.Release|Any CPU.ActiveCfg = Release|Any CPU
		{D985E533-33C7-400D-8240-FBFB020CC991}.Release|Any CPU.Build.0 = Release|Any CPU
		{AB12B31B-B251-4665-BEC5-288C11515403}.Debug|Any CPU.ActiveCfg = Debug|Any CPU
		{AB12B31B-B251-4665-BEC5-288C11515403}.Debug|Any CPU.Build.0 = Debug|Any CPU
		{AB12B31B-B251-4665-BEC5-288C11515403}.Release|Any CPU.ActiveCfg = Release|Any CPU
		{AB12B31B-B251-4665-BEC5-288C11515403}.Release|Any CPU.Build.0 = Release|Any CPU
		{85913824-A512-4776-A53D-B207C6913BF4}.Debug|Any CPU.ActiveCfg = Debug|Any CPU
		{85913824-A512-4776-A53D-B207C6913BF4}.Debug|Any CPU.Build.0 = Debug|Any CPU
		{85913824-A512-4776-A53D-B207C6913BF4}.Release|Any CPU.ActiveCfg = Release|Any CPU
		{85913824-A512-4776-A53D-B207C6913BF4}.Release|Any CPU.Build.0 = Release|Any CPU
	EndGlobalSection
	GlobalSection(SolutionProperties) = preSolution
		HideSolutionNode = FALSE
	EndGlobalSection
	GlobalSection(ExtensibilityGlobals) = postSolution
		SolutionGuid = {3426B6FA-4784-4C79-9EA1-A19FFAE7F56D}
	EndGlobalSection
EndGlobal
